
Microsoft Visual Studio Solution File, Format Version 12.00
# Visual Studio Version 17
VisualStudioVersion = 17.14.36414.22 d17.14
MinimumVisualStudioVersion = 10.0.40219.1
Project("{FAE04EC0-301F-11D3-BF4B-00C04F79EFBC}") = "JWT-TaskManagement", "JWT-TaskManagement\JWT-TaskManagement.csproj", "{1CF6C276-1C90-4B9F-9C2B-F5A109E13F65}"
EndProject
Global
	GlobalSection(SolutionConfigurationPlatforms) = preSolution
		Debug|Any CPU = Debug|Any CPU
		Release|Any CPU = Release|Any CPU
	EndGlobalSection
	GlobalSection(ProjectConfigurationPlatforms) = postSolution
		{1CF6C276-1C90-4B9F-9C2B-F5A109E13F65}.Debug|Any CPU.ActiveCfg = Debug|Any CPU
		{1CF6C276-1C90-4B9F-9C2B-F5A109E13F65}.Debug|Any CPU.Build.0 = Debug|Any CPU
		{1CF6C276-1C90-4B9F-9C2B-F5A109E13F65}.Release|Any CPU.ActiveCfg = Release|Any CPU
		{1CF6C276-1C90-4B9F-9C2B-F5A109E13F65}.Release|Any CPU.Build.0 = Release|Any CPU
	EndGlobalSection
	GlobalSection(SolutionProperties) = preSolution
		HideSolutionNode = FALSE
	EndGlobalSection
	GlobalSection(ExtensibilityGlobals) = postSolution
		SolutionGuid = {AD078406-A901-4333-8678-522E3E7AD11E}
	EndGlobalSection
EndGlobal
